
Microsoft Visual Studio Solution File, Format Version 12.00
# Visual Studio 15
VisualStudioVersion = 15.0.26124.0
MinimumVisualStudioVersion = 15.0.26124.0
Project("{2150E333-8FDC-42A3-9474-1A3956D46DE8}") = "src", "src", "{5B774E5F-FBB3-4965-8380-1CBCD287514C}"
EndProject
Project("{FAE04EC0-301F-11D3-BF4B-00C04F79EFBC}") = "PalTracker", "src\PalTracker\PalTracker.csproj", "{A00DA0E9-5184-42AA-8E32-A1C4CEA0B6B5}"
EndProject
Project("{2150E333-8FDC-42A3-9474-1A3956D46DE8}") = "test", "test", "{3B95C283-D14E-443E-9996-F0C91EE0EE18}"
EndProject
Project("{FAE04EC0-301F-11D3-BF4B-00C04F79EFBC}") = "PalTrackerTests", "test\PalTrackerTests\PalTrackerTests.csproj", "{852D361B-0EC7-4944-8B29-DDB5AEB8EE10}"
EndProject
Global
	GlobalSection(SolutionConfigurationPlatforms) = preSolution
		Debug|Any CPU = Debug|Any CPU
		Debug|x64 = Debug|x64
		Debug|x86 = Debug|x86
		Release|Any CPU = Release|Any CPU
		Release|x64 = Release|x64
		Release|x86 = Release|x86
	EndGlobalSection
	GlobalSection(SolutionProperties) = preSolution
		HideSolutionNode = FALSE
	EndGlobalSection
	GlobalSection(ProjectConfigurationPlatforms) = postSolution
		{A00DA0E9-5184-42AA-8E32-A1C4CEA0B6B5}.Debug|Any CPU.ActiveCfg = Debug|Any CPU
		{A00DA0E9-5184-42AA-8E32-A1C4CEA0B6B5}.Debug|Any CPU.Build.0 = Debug|Any CPU
		{A00DA0E9-5184-42AA-8E32-A1C4CEA0B6B5}.Debug|x64.ActiveCfg = Debug|Any CPU
		{A00DA0E9-5184-42AA-8E32-A1C4CEA0B6B5}.Debug|x64.Build.0 = Debug|Any CPU
		{A00DA0E9-5184-42AA-8E32-A1C4CEA0B6B5}.Debug|x86.ActiveCfg = Debug|Any CPU
		{A00DA0E9-5184-42AA-8E32-A1C4CEA0B6B5}.Debug|x86.Build.0 = Debug|Any CPU
		{A00DA0E9-5184-42AA-8E32-A1C4CEA0B6B5}.Release|Any CPU.ActiveCfg = Release|Any CPU
		{A00DA0E9-5184-42AA-8E32-A1C4CEA0B6B5}.Release|Any CPU.Build.0 = Release|Any CPU
		{A00DA0E9-5184-42AA-8E32-A1C4CEA0B6B5}.Release|x64.ActiveCfg = Release|Any CPU
		{A00DA0E9-5184-42AA-8E32-A1C4CEA0B6B5}.Release|x64.Build.0 = Release|Any CPU
		{A00DA0E9-5184-42AA-8E32-A1C4CEA0B6B5}.Release|x86.ActiveCfg = Release|Any CPU
		{A00DA0E9-5184-42AA-8E32-A1C4CEA0B6B5}.Release|x86.Build.0 = Release|Any CPU
		{852D361B-0EC7-4944-8B29-DDB5AEB8EE10}.Debug|Any CPU.ActiveCfg = Debug|Any CPU
		{852D361B-0EC7-4944-8B29-DDB5AEB8EE10}.Debug|Any CPU.Build.0 = Debug|Any CPU
		{852D361B-0EC7-4944-8B29-DDB5AEB8EE10}.Debug|x64.ActiveCfg = Debug|Any CPU
		{852D361B-0EC7-4944-8B29-DDB5AEB8EE10}.Debug|x64.Build.0 = Debug|Any CPU
		{852D361B-0EC7-4944-8B29-DDB5AEB8EE10}.Debug|x86.ActiveCfg = Debug|Any CPU
		{852D361B-0EC7-4944-8B29-DDB5AEB8EE10}.Debug|x86.Build.0 = Debug|Any CPU
		{852D361B-0EC7-4944-8B29-DDB5AEB8EE10}.Release|Any CPU.ActiveCfg = Release|Any CPU
		{852D361B-0EC7-4944-8B29-DDB5AEB8EE10}.Release|Any CPU.Build.0 = Release|Any CPU
		{852D361B-0EC7-4944-8B29-DDB5AEB8EE10}.Release|x64.ActiveCfg = Release|Any CPU
		{852D361B-0EC7-4944-8B29-DDB5AEB8EE10}.Release|x64.Build.0 = Release|Any CPU
		{852D361B-0EC7-4944-8B29-DDB5AEB8EE10}.Release|x86.ActiveCfg = Release|Any CPU
		{852D361B-0EC7-4944-8B29-DDB5AEB8EE10}.Release|x86.Build.0 = Release|Any CPU
	EndGlobalSection
	GlobalSection(NestedProjects) = preSolution
		{A00DA0E9-5184-42AA-8E32-A1C4CEA0B6B5} = {5B774E5F-FBB3-4965-8380-1CBCD287514C}
		{852D361B-0EC7-4944-8B29-DDB5AEB8EE10} = {3B95C283-D14E-443E-9996-F0C91EE0EE18}
	EndGlobalSection
EndGlobal
